// !$*UTF8*$!
{
	archiveVersion = 1;
	classes = {
	};
	objectVersion = 50;
	objects = {

/* Begin PBXBuildFile section */
		8CA77A3A259C11D80024422A /* SettingsViewController.swift in Sources */ = {isa = PBXBuildFile; fileRef = 8CA77A39259C11D80024422A /* SettingsViewController.swift */; };
		8CA77A45259C1C900024422A /* Tip2ViewController.swift in Sources */ = {isa = PBXBuildFile; fileRef = 8CA77A44259C1C900024422A /* Tip2ViewController.swift */; };
		8CAEA139259BE6F000BE2333 /* AppDelegate.swift in Sources */ = {isa = PBXBuildFile; fileRef = 8CAEA138259BE6F000BE2333 /* AppDelegate.swift */; };
		8CAEA13B259BE6F000BE2333 /* SceneDelegate.swift in Sources */ = {isa = PBXBuildFile; fileRef = 8CAEA13A259BE6F000BE2333 /* SceneDelegate.swift */; };
		8CAEA13D259BE6F000BE2333 /* ViewController.swift in Sources */ = {isa = PBXBuildFile; fileRef = 8CAEA13C259BE6F000BE2333 /* ViewController.swift */; };
		8CAEA140259BE6F000BE2333 /* Main.storyboard in Resources */ = {isa = PBXBuildFile; fileRef = 8CAEA13E259BE6F000BE2333 /* Main.storyboard */; };
		8CAEA142259BE6F100BE2333 /* Assets.xcassets in Resources */ = {isa = PBXBuildFile; fileRef = 8CAEA141259BE6F100BE2333 /* Assets.xcassets */; };
		8CAEA145259BE6F100BE2333 /* LaunchScreen.storyboard in Resources */ = {isa = PBXBuildFile; fileRef = 8CAEA143259BE6F100BE2333 /* LaunchScreen.storyboard */; };
		8CAEA150259BE6F100BE2333 /* PreworkTests.swift in Sources */ = {isa = PBXBuildFile; fileRef = 8CAEA14F259BE6F100BE2333 /* PreworkTests.swift */; };
		8CAEA15B259BE6F100BE2333 /* PreworkUITests.swift in Sources */ = {isa = PBXBuildFile; fileRef = 8CAEA15A259BE6F100BE2333 /* PreworkUITests.swift */; };
/* End PBXBuildFile section */

/* Begin PBXContainerItemProxy section */
		8CAEA14C259BE6F100BE2333 /* PBXContainerItemProxy */ = {
			isa = PBXContainerItemProxy;
			containerPortal = 8CAEA12D259BE6F000BE2333 /* Project object */;
			proxyType = 1;
			remoteGlobalIDString = 8CAEA134259BE6F000BE2333;
			remoteInfo = Prework;
		};
		8CAEA157259BE6F100BE2333 /* PBXContainerItemProxy */ = {
			isa = PBXContainerItemProxy;
			containerPortal = 8CAEA12D259BE6F000BE2333 /* Project object */;
			proxyType = 1;
			remoteGlobalIDString = 8CAEA134259BE6F000BE2333;
			remoteInfo = Prework;
		};
/* End PBXContainerItemProxy section */

/* Begin PBXFileReference section */
		8CA77A39259C11D80024422A /* SettingsViewController.swift */ = {isa = PBXFileReference; lastKnownFileType = sourcecode.swift; path = SettingsViewController.swift; sourceTree = "<group>"; };
		8CA77A44259C1C900024422A /* Tip2ViewController.swift */ = {isa = PBXFileReference; lastKnownFileType = sourcecode.swift; path = Tip2ViewController.swift; sourceTree = "<group>"; };
		8CAEA135259BE6F000BE2333 /* Prework.app */ = {isa = PBXFileReference; explicitFileType = wrapper.application; includeInIndex = 0; path = Prework.app; sourceTree = BUILT_PRODUCTS_DIR; };
		8CAEA138259BE6F000BE2333 /* AppDelegate.swift */ = {isa = PBXFileReference; lastKnownFileType = sourcecode.swift; path = AppDelegate.swift; sourceTree = "<group>"; };
		8CAEA13A259BE6F000BE2333 /* SceneDelegate.swift */ = {isa = PBXFileReference; lastKnownFileType = sourcecode.swift; path = SceneDelegate.swift; sourceTree = "<group>"; };
		8CAEA13C259BE6F000BE2333 /* ViewController.swift */ = {isa = PBXFileReference; lastKnownFileType = sourcecode.swift; path = ViewController.swift; sourceTree = "<group>"; };
		8CAEA13F259BE6F000BE2333 /* Base */ = {isa = PBXFileReference; lastKnownFileType = file.storyboard; name = Base; path = Base.lproj/Main.storyboard; sourceTree = "<group>"; };
		8CAEA141259BE6F100BE2333 /* Assets.xcassets */ = {isa = PBXFileReference; lastKnownFileType = folder.assetcatalog; path = Assets.xcassets; sourceTree = "<group>"; };
		8CAEA144259BE6F100BE2333 /* Base */ = {isa = PBXFileReference; lastKnownFileType = file.storyboard; name = Base; path = Base.lproj/LaunchScreen.storyboard; sourceTree = "<group>"; };
		8CAEA146259BE6F100BE2333 /* Info.plist */ = {isa = PBXFileReference; lastKnownFileType = text.plist.xml; path = Info.plist; sourceTree = "<group>"; };
		8CAEA14B259BE6F100BE2333 /* PreworkTests.xctest */ = {isa = PBXFileReference; explicitFileType = wrapper.cfbundle; includeInIndex = 0; path = PreworkTests.xctest; sourceTree = BUILT_PRODUCTS_DIR; };
		8CAEA14F259BE6F100BE2333 /* PreworkTests.swift */ = {isa = PBXFileReference; lastKnownFileType = sourcecode.swift; path = PreworkTests.swift; sourceTree = "<group>"; };
		8CAEA151259BE6F100BE2333 /* Info.plist */ = {isa = PBXFileReference; lastKnownFileType = text.plist.xml; path = Info.plist; sourceTree = "<group>"; };
		8CAEA156259BE6F100BE2333 /* PreworkUITests.xctest */ = {isa = PBXFileReference; explicitFileType = wrapper.cfbundle; includeInIndex = 0; path = PreworkUITests.xctest; sourceTree = BUILT_PRODUCTS_DIR; };
		8CAEA15A259BE6F100BE2333 /* PreworkUITests.swift */ = {isa = PBXFileReference; lastKnownFileType = sourcecode.swift; path = PreworkUITests.swift; sourceTree = "<group>"; };
		8CAEA15C259BE6F100BE2333 /* Info.plist */ = {isa = PBXFileReference; lastKnownFileType = text.plist.xml; path = Info.plist; sourceTree = "<group>"; };
/* End PBXFileReference section */

/* Begin PBXFrameworksBuildPhase section */
		8CAEA132259BE6F000BE2333 /* Frameworks */ = {
			isa = PBXFrameworksBuildPhase;
			buildActionMask = 2147483647;
			files = (
			);
			runOnlyForDeploymentPostprocessing = 0;
		};
		8CAEA148259BE6F100BE2333 /* Frameworks */ = {
			isa = PBXFrameworksBuildPhase;
			buildActionMask = 2147483647;
			files = (
			);
			runOnlyForDeploymentPostprocessing = 0;
		};
		8CAEA153259BE6F100BE2333 /* Frameworks */ = {
			isa = PBXFrameworksBuildPhase;
			buildActionMask = 2147483647;
			files = (
			);
			runOnlyForDeploymentPostprocessing = 0;
		};
/* End PBXFrameworksBuildPhase section */

/* Begin PBXGroup section */
		8CAEA12C259BE6F000BE2333 = {
			isa = PBXGroup;
			children = (
				8CAEA137259BE6F000BE2333 /* Prework */,
				8CAEA14E259BE6F100BE2333 /* PreworkTests */,
				8CAEA159259BE6F100BE2333 /* PreworkUITests */,
				8CAEA136259BE6F000BE2333 /* Products */,
			);
			sourceTree = "<group>";
		};
		8CAEA136259BE6F000BE2333 /* Products */ = {
			isa = PBXGroup;
			children = (
				8CAEA135259BE6F000BE2333 /* Prework.app */,
				8CAEA14B259BE6F100BE2333 /* PreworkTests.xctest */,
				8CAEA156259BE6F100BE2333 /* PreworkUITests.xctest */,
			);
			name = Products;
			sourceTree = "<group>";
		};
		8CAEA137259BE6F000BE2333 /* Prework */ = {
			isa = PBXGroup;
			children = (
				8CAEA138259BE6F000BE2333 /* AppDelegate.swift */,
				8CAEA13A259BE6F000BE2333 /* SceneDelegate.swift */,
				8CAEA13C259BE6F000BE2333 /* ViewController.swift */,
				8CAEA13E259BE6F000BE2333 /* Main.storyboard */,
				8CA77A44259C1C900024422A /* Tip2ViewController.swift */,
				8CA77A39259C11D80024422A /* SettingsViewController.swift */,
				8CAEA141259BE6F100BE2333 /* Assets.xcassets */,
				8CAEA143259BE6F100BE2333 /* LaunchScreen.storyboard */,
				8CAEA146259BE6F100BE2333 /* Info.plist */,
			);
			path = Prework;
			sourceTree = "<group>";
		};
		8CAEA14E259BE6F100BE2333 /* PreworkTests */ = {
			isa = PBXGroup;
			children = (
				8CAEA14F259BE6F100BE2333 /* PreworkTests.swift */,
				8CAEA151259BE6F100BE2333 /* Info.plist */,
			);
			path = PreworkTests;
			sourceTree = "<group>";
		};
		8CAEA159259BE6F100BE2333 /* PreworkUITests */ = {
			isa = PBXGroup;
			children = (
				8CAEA15A259BE6F100BE2333 /* PreworkUITests.swift */,
				8CAEA15C259BE6F100BE2333 /* Info.plist */,
			);
			path = PreworkUITests;
			sourceTree = "<group>";
		};
/* End PBXGroup section */

/* Begin PBXNativeTarget section */
		8CAEA134259BE6F000BE2333 /* Prework */ = {
			isa = PBXNativeTarget;
			buildConfigurationList = 8CAEA15F259BE6F100BE2333 /* Build configuration list for PBXNativeTarget "Prework" */;
			buildPhases = (
				8CAEA131259BE6F000BE2333 /* Sources */,
				8CAEA132259BE6F000BE2333 /* Frameworks */,
				8CAEA133259BE6F000BE2333 /* Resources */,
			);
			buildRules = (
			);
			dependencies = (
			);
			name = Prework;
			productName = Prework;
			productReference = 8CAEA135259BE6F000BE2333 /* Prework.app */;
			productType = "com.apple.product-type.application";
		};
		8CAEA14A259BE6F100BE2333 /* PreworkTests */ = {
			isa = PBXNativeTarget;
			buildConfigurationList = 8CAEA162259BE6F100BE2333 /* Build configuration list for PBXNativeTarget "PreworkTests" */;
			buildPhases = (
				8CAEA147259BE6F100BE2333 /* Sources */,
				8CAEA148259BE6F100BE2333 /* Frameworks */,
				8CAEA149259BE6F100BE2333 /* Resources */,
			);
			buildRules = (
			);
			dependencies = (
				8CAEA14D259BE6F100BE2333 /* PBXTargetDependency */,
			);
			name = PreworkTests;
			productName = PreworkTests;
			productReference = 8CAEA14B259BE6F100BE2333 /* PreworkTests.xctest */;
			productType = "com.apple.product-type.bundle.unit-test";
		};
		8CAEA155259BE6F100BE2333 /* PreworkUITests */ = {
			isa = PBXNativeTarget;
			buildConfigurationList = 8CAEA165259BE6F100BE2333 /* Build configuration list for PBXNativeTarget "PreworkUITests" */;
			buildPhases = (
				8CAEA152259BE6F100BE2333 /* Sources */,
				8CAEA153259BE6F100BE2333 /* Frameworks */,
				8CAEA154259BE6F100BE2333 /* Resources */,
			);
			buildRules = (
			);
			dependencies = (
				8CAEA158259BE6F100BE2333 /* PBXTargetDependency */,
			);
			name = PreworkUITests;
			productName = PreworkUITests;
			productReference = 8CAEA156259BE6F100BE2333 /* PreworkUITests.xctest */;
			productType = "com.apple.product-type.bundle.ui-testing";
		};
/* End PBXNativeTarget section */

/* Begin PBXProject section */
		8CAEA12D259BE6F000BE2333 /* Project object */ = {
			isa = PBXProject;
			attributes = {
				LastSwiftUpdateCheck = 1230;
				LastUpgradeCheck = 1230;
				TargetAttributes = {
					8CAEA134259BE6F000BE2333 = {
						CreatedOnToolsVersion = 12.3;
					};
					8CAEA14A259BE6F100BE2333 = {
						CreatedOnToolsVersion = 12.3;
						TestTargetID = 8CAEA134259BE6F000BE2333;
					};
					8CAEA155259BE6F100BE2333 = {
						CreatedOnToolsVersion = 12.3;
						TestTargetID = 8CAEA134259BE6F000BE2333;
					};
				};
			};
			buildConfigurationList = 8CAEA130259BE6F000BE2333 /* Build configuration list for PBXProject "Prework" */;
			compatibilityVersion = "Xcode 9.3";
			developmentRegion = en;
			hasScannedForEncodings = 0;
			knownRegions = (
				en,
				Base,
			);
			mainGroup = 8CAEA12C259BE6F000BE2333;
			productRefGroup = 8CAEA136259BE6F000BE2333 /* Products */;
			projectDirPath = "";
			projectRoot = "";
			targets = (
				8CAEA134259BE6F000BE2333 /* Prework */,
				8CAEA14A259BE6F100BE2333 /* PreworkTests */,
				8CAEA155259BE6F100BE2333 /* PreworkUITests */,
			);
		};
/* End PBXProject section */

/* Begin PBXResourcesBuildPhase section */
		8CAEA133259BE6F000BE2333 /* Resources */ = {
			isa = PBXResourcesBuildPhase;
			buildActionMask = 2147483647;
			files = (
				8CAEA145259BE6F100BE2333 /* LaunchScreen.storyboard in Resources */,
				8CAEA142259BE6F100BE2333 /* Assets.xcassets in Resources */,
				8CAEA140259BE6F000BE2333 /* Main.storyboard in Resources */,
			);
			runOnlyForDeploymentPostprocessing = 0;
		};
		8CAEA149259BE6F100BE2333 /* Resources */ = {
			isa = PBXResourcesBuildPhase;
			buildActionMask = 2147483647;
			files = (
			);
			runOnlyForDeploymentPostprocessing = 0;
		};
		8CAEA154259BE6F100BE2333 /* Resources */ = {
			isa = PBXResourcesBuildPhase;
			buildActionMask = 2147483647;
			files = (
			);
			runOnlyForDeploymentPostprocessing = 0;
		};
/* End PBXResourcesBuildPhase section */

/* Begin PBXSourcesBuildPhase section */
		8CAEA131259BE6F000BE2333 /* Sources */ = {
			isa = PBXSourcesBuildPhase;
			buildActionMask = 2147483647;
			files = (
				8CAEA13D259BE6F000BE2333 /* ViewController.swift in Sources */,
				8CA77A45259C1C900024422A /* Tip2ViewController.swift in Sources */,
				8CAEA139259BE6F000BE2333 /* AppDelegate.swift in Sources */,
				8CAEA13B259BE6F000BE2333 /* SceneDelegate.swift in Sources */,
				8CA77A3A259C11D80024422A /* SettingsViewController.swift in Sources */,
			);
			runOnlyForDeploymentPostprocessing = 0;
		};
		8CAEA147259BE6F100BE2333 /* Sources */ = {
			isa = PBXSourcesBuildPhase;
			buildActionMask = 2147483647;
			files = (
				8CAEA150259BE6F100BE2333 /* PreworkTests.swift in Sources */,
			);
			runOnlyForDeploymentPostprocessing = 0;
		};
		8CAEA152259BE6F100BE2333 /* Sources */ = {
			isa = PBXSourcesBuildPhase;
			buildActionMask = 2147483647;
			files = (
				8CAEA15B259BE6F100BE2333 /* PreworkUITests.swift in Sources */,
			);
			runOnlyForDeploymentPostprocessing = 0;
		};
/* End PBXSourcesBuildPhase section */

/* Begin PBXTargetDependency section */
		8CAEA14D259BE6F100BE2333 /* PBXTargetDependency */ = {
			isa = PBXTargetDependency;
			target = 8CAEA134259BE6F000BE2333 /* Prework */;
			targetProxy = 8CAEA14C259BE6F100BE2333 /* PBXContainerItemProxy */;
		};
		8CAEA158259BE6F100BE2333 /* PBXTargetDependency */ = {
			isa = PBXTargetDependency;
			target = 8CAEA134259BE6F000BE2333 /* Prework */;
			targetProxy = 8CAEA157259BE6F100BE2333 /* PBXContainerItemProxy */;
		};
/* End PBXTargetDependency section */

/* Begin PBXVariantGroup section */
		8CAEA13E259BE6F000BE2333 /* Main.storyboard */ = {
			isa = PBXVariantGroup;
			children = (
				8CAEA13F259BE6F000BE2333 /* Base */,
			);
			name = Main.storyboard;
			sourceTree = "<group>";
		};
		8CAEA143259BE6F100BE2333 /* LaunchScreen.storyboard */ = {
			isa = PBXVariantGroup;
			children = (
				8CAEA144259BE6F100BE2333 /* Base */,
			);
			name = LaunchScreen.storyboard;
			sourceTree = "<group>";
		};
/* End PBXVariantGroup section */

/* Begin XCBuildConfiguration section */
		8CAEA15D259BE6F100BE2333 /* Debug */ = {
			isa = XCBuildConfiguration;
			buildSettings = {
				ALWAYS_SEARCH_USER_PATHS = NO;
				CLANG_ANALYZER_NONNULL = YES;
				CLANG_ANALYZER_NUMBER_OBJECT_CONVERSION = YES_AGGRESSIVE;
				CLANG_CXX_LANGUAGE_STANDARD = "gnu++14";
				CLANG_CXX_LIBRARY = "libc++";
				CLANG_ENABLE_MODULES = YES;
				CLANG_ENABLE_OBJC_ARC = YES;
				CLANG_ENABLE_OBJC_WEAK = YES;
				CLANG_WARN_BLOCK_CAPTURE_AUTORELEASING = YES;
				CLANG_WARN_BOOL_CONVERSION = YES;
				CLANG_WARN_COMMA = YES;
				CLANG_WARN_CONSTANT_CONVERSION = YES;
				CLANG_WARN_DEPRECATED_OBJC_IMPLEMENTATIONS = YES;
				CLANG_WARN_DIRECT_OBJC_ISA_USAGE = YES_ERROR;
				CLANG_WARN_DOCUMENTATION_COMMENTS = YES;
				CLANG_WARN_EMPTY_BODY = YES;
				CLANG_WARN_ENUM_CONVERSION = YES;
				CLANG_WARN_INFINITE_RECURSION = YES;
				CLANG_WARN_INT_CONVERSION = YES;
				CLANG_WARN_NON_LITERAL_NULL_CONVERSION = YES;
				CLANG_WARN_OBJC_IMPLICIT_RETAIN_SELF = YES;
				CLANG_WARN_OBJC_LITERAL_CONVERSION = YES;
				CLANG_WARN_OBJC_ROOT_CLASS = YES_ERROR;
				CLANG_WARN_QUOTED_INCLUDE_IN_FRAMEWORK_HEADER = YES;
				CLANG_WARN_RANGE_LOOP_ANALYSIS = YES;
				CLANG_WARN_STRICT_PROTOTYPES = YES;
				CLANG_WARN_SUSPICIOUS_MOVE = YES;
				CLANG_WARN_UNGUARDED_AVAILABILITY = YES_AGGRESSIVE;
				CLANG_WARN_UNREACHABLE_CODE = YES;
				CLANG_WARN__DUPLICATE_METHOD_MATCH = YES;
				COPY_PHASE_STRIP = NO;
				DEBUG_INFORMATION_FORMAT = dwarf;
				ENABLE_STRICT_OBJC_MSGSEND = YES;
				ENABLE_TESTABILITY = YES;
				GCC_C_LANGUAGE_STANDARD = gnu11;
				GCC_DYNAMIC_NO_PIC = NO;
				GCC_NO_COMMON_BLOCKS = YES;
				GCC_OPTIMIZATION_LEVEL = 0;
				GCC_PREPROCESSOR_DEFINITIONS = (
					"DEBUG=1",
					"$(inherited)",
				);
				GCC_WARN_64_TO_32_BIT_CONVERSION = YES;
				GCC_WARN_ABOUT_RETURN_TYPE = YES_ERROR;
				GCC_WARN_UNDECLARED_SELECTOR = YES;
				GCC_WARN_UNINITIALIZED_AUTOS = YES_AGGRESSIVE;
				GCC_WARN_UNUSED_FUNCTION = YES;
				GCC_WARN_UNUSED_VARIABLE = YES;
				IPHONEOS_DEPLOYMENT_TARGET = 14.3;
				MTL_ENABLE_DEBUG_INFO = INCLUDE_SOURCE;
				MTL_FAST_MATH = YES;
				ONLY_ACTIVE_ARCH = YES;
				SDKROOT = iphoneos;
				SWIFT_ACTIVE_COMPILATION_CONDITIONS = DEBUG;
				SWIFT_OPTIMIZATION_LEVEL = "-Onone";
			};
			name = Debug;
		};
		8CAEA15E259BE6F100BE2333 /* Release */ = {
			isa = XCBuildConfiguration;
			buildSettings = {
				ALWAYS_SEARCH_USER_PATHS = NO;
				CLANG_ANALYZER_NONNULL = YES;
				CLANG_ANALYZER_NUMBER_OBJECT_CONVERSION = YES_AGGRESSIVE;
				CLANG_CXX_LANGUAGE_STANDARD = "gnu++14";
				CLANG_CXX_LIBRARY = "libc++";
				CLANG_ENABLE_MODULES = YES;
				CLANG_ENABLE_OBJC_ARC = YES;
				CLANG_ENABLE_OBJC_WEAK = YES;
				CLANG_WARN_BLOCK_CAPTURE_AUTORELEASING = YES;
				CLANG_WARN_BOOL_CONVERSION = YES;
				CLANG_WARN_COMMA = YES;
				CLANG_WARN_CONSTANT_CONVERSION = YES;
				CLANG_WARN_DEPRECATED_OBJC_IMPLEMENTATIONS = YES;
				CLANG_WARN_DIRECT_OBJC_ISA_USAGE = YES_ERROR;
				CLANG_WARN_DOCUMENTATION_COMMENTS = YES;
				CLANG_WARN_EMPTY_BODY = YES;
				CLANG_WARN_ENUM_CONVERSION = YES;
				CLANG_WARN_INFINITE_RECURSION = YES;
				CLANG_WARN_INT_CONVERSION = YES;
				CLANG_WARN_NON_LITERAL_NULL_CONVERSION = YES;
				CLANG_WARN_OBJC_IMPLICIT_RETAIN_SELF = YES;
				CLANG_WARN_OBJC_LITERAL_CONVERSION = YES;
				CLANG_WARN_OBJC_ROOT_CLASS = YES_ERROR;
				CLANG_WARN_QUOTED_INCLUDE_IN_FRAMEWORK_HEADER = YES;
				CLANG_WARN_RANGE_LOOP_ANALYSIS = YES;
				CLANG_WARN_STRICT_PROTOTYPES = YES;
				CLANG_WARN_SUSPICIOUS_MOVE = YES;
				CLANG_WARN_UNGUARDED_AVAILABILITY = YES_AGGRESSIVE;
				CLANG_WARN_UNREACHABLE_CODE = YES;
				CLANG_WARN__DUPLICATE_METHOD_MATCH = YES;
				COPY_PHASE_STRIP = NO;
				DEBUG_INFORMATION_FORMAT = "dwarf-with-dsym";
				ENABLE_NS_ASSERTIONS = NO;
				ENABLE_STRICT_OBJC_MSGSEND = YES;
				GCC_C_LANGUAGE_STANDARD = gnu11;
				GCC_NO_COMMON_BLOCKS = YES;
				GCC_WARN_64_TO_32_BIT_CONVERSION = YES;
				GCC_WARN_ABOUT_RETURN_TYPE = YES_ERROR;
				GCC_WARN_UNDECLARED_SELECTOR = YES;
				GCC_WARN_UNINITIALIZED_AUTOS = YES_AGGRESSIVE;
				GCC_WARN_UNUSED_FUNCTION = YES;
				GCC_WARN_UNUSED_VARIABLE = YES;
				IPHONEOS_DEPLOYMENT_TARGET = 14.3;
				MTL_ENABLE_DEBUG_INFO = NO;
				MTL_FAST_MATH = YES;
				SDKROOT = iphoneos;
				SWIFT_COMPILATION_MODE = wholemodule;
				SWIFT_OPTIMIZATION_LEVEL = "-O";
				VALIDATE_PRODUCT = YES;
			};
			name = Release;
		};
		8CAEA160259BE6F100BE2333 /* Debug */ = {
			isa = XCBuildConfiguration;
			buildSettings = {
				ASSETCATALOG_COMPILER_APPICON_NAME = AppIcon;
				ASSETCATALOG_COMPILER_GLOBAL_ACCENT_COLOR_NAME = AccentColor;
				CODE_SIGN_STYLE = Automatic;
				DEVELOPMENT_TEAM = 835835HRZ6;
				INFOPLIST_FILE = Prework/Info.plist;
				LD_RUNPATH_SEARCH_PATHS = (
					"$(inherited)",
					"@executable_path/Frameworks",
				);
				PRODUCT_BUNDLE_IDENTIFIER = SEFU9090.Prework;
				PRODUCT_NAME = "$(TARGET_NAME)";
				SWIFT_VERSION = 5.0;
				TARGETED_DEVICE_FAMILY = "1,2";
			};
			name = Debug;
		};
		8CAEA161259BE6F100BE2333 /* Release */ = {
			isa = XCBuildConfiguration;
			buildSettings = {
				ASSETCATALOG_COMPILER_APPICON_NAME = AppIcon;
				ASSETCATALOG_COMPILER_GLOBAL_ACCENT_COLOR_NAME = AccentColor;
				CODE_SIGN_STYLE = Automatic;
				DEVELOPMENT_TEAM = 835835HRZ6;
				INFOPLIST_FILE = Prework/Info.plist;
				LD_RUNPATH_SEARCH_PATHS = (
					"$(inherited)",
					"@executable_path/Frameworks",
				);
				PRODUCT_BUNDLE_IDENTIFIER = SEFU9090.Prework;
				PRODUCT_NAME = "$(TARGET_NAME)";
				SWIFT_VERSION = 5.0;
				TARGETED_DEVICE_FAMILY = "1,2";
			};
			name = Release;
		};
		8CAEA163259BE6F100BE2333 /* Debug */ = {
			isa = XCBuildConfiguration;
			buildSettings = {
				ALWAYS_EMBED_SWIFT_STANDARD_LIBRARIES = YES;
				BUNDLE_LOADER = "$(TEST_HOST)";
				CODE_SIGN_STYLE = Automatic;
				DEVELOPMENT_TEAM = 835835HRZ6;
				INFOPLIST_FILE = PreworkTests/Info.plist;
				IPHONEOS_DEPLOYMENT_TARGET = 14.3;
				LD_RUNPATH_SEARCH_PATHS = (
					"$(inherited)",
					"@executable_path/Frameworks",
					"@loader_path/Frameworks",
				);
				PRODUCT_BUNDLE_IDENTIFIER = CodePath.PreworkTests;
				PRODUCT_NAME = "$(TARGET_NAME)";
				SWIFT_VERSION = 5.0;
				TARGETED_DEVICE_FAMILY = "1,2";
				TEST_HOST = "$(BUILT_PRODUCTS_DIR)/Prework.app/Prework";
			};
			name = Debug;
		};
		8CAEA164259BE6F100BE2333 /* Release */ = {
			isa = XCBuildConfiguration;
			buildSettings = {
				ALWAYS_EMBED_SWIFT_STANDARD_LIBRARIES = YES;
				BUNDLE_LOADER = "$(TEST_HOST)";
				CODE_SIGN_STYLE = Automatic;
				DEVELOPMENT_TEAM = 835835HRZ6;
				INFOPLIST_FILE = PreworkTests/Info.plist;
				IPHONEOS_DEPLOYMENT_TARGET = 14.3;
				LD_RUNPATH_SEARCH_PATHS = (
					"$(inherited)",
					"@executable_path/Frameworks",
					"@loader_path/Frameworks",
				);
				PRODUCT_BUNDLE_IDENTIFIER = CodePath.PreworkTests;
				PRODUCT_NAME = "$(TARGET_NAME)";
				SWIFT_VERSION = 5.0;
				TARGETED_DEVICE_FAMILY = "1,2";
				TEST_HOST = "$(BUILT_PRODUCTS_DIR)/Prework.app/Prework";
			};
			name = Release;
		};
		8CAEA166259BE6F100BE2333 /* Debug */ = {
			isa = XCBuildConfiguration;
			buildSettings = {
				ALWAYS_EMBED_SWIFT_STANDARD_LIBRARIES = YES;
				CODE_SIGN_STYLE = Automatic;
				DEVELOPMENT_TEAM = 835835HRZ6;
				INFOPLIST_FILE = PreworkUITests/Info.plist;
				LD_RUNPATH_SEARCH_PATHS = (
					"$(inherited)",
					"@executable_path/Frameworks",
					"@loader_path/Frameworks",
				);
				PRODUCT_BUNDLE_IDENTIFIER = CodePath.PreworkUITests;
				PRODUCT_NAME = "$(TARGET_NAME)";
				SWIFT_VERSION = 5.0;
				TARGETED_DEVICE_FAMILY = "1,2";
				TEST_TARGET_NAME = Prework;
			};
			name = Debug;
		};
		8CAEA167259BE6F100BE2333 /* Release */ = {
			isa = XCBuildConfiguration;
			buildSettings = {
				ALWAYS_EMBED_SWIFT_STANDARD_LIBRARIES = YES;
				CODE_SIGN_STYLE = Automatic;
				DEVELOPMENT_TEAM = 835835HRZ6;
				INFOPLIST_FILE = PreworkUITests/Info.plist;
				LD_RUNPATH_SEARCH_PATHS = (
					"$(inherited)",
					"@executable_path/Frameworks",
					"@loader_path/Frameworks",
				);
				PRODUCT_BUNDLE_IDENTIFIER = CodePath.PreworkUITests;
				PRODUCT_NAME = "$(TARGET_NAME)";
				SWIFT_VERSION = 5.0;
				TARGETED_DEVICE_FAMILY = "1,2";
				TEST_TARGET_NAME = Prework;
			};
			name = Release;
		};
/* End XCBuildConfiguration section */

/* Begin XCConfigurationList section */
		8CAEA130259BE6F000BE2333 /* Build configuration list for PBXProject "Prework" */ = {
			isa = XCConfigurationList;
			buildConfigurations = (
				8CAEA15D259BE6F100BE2333 /* Debug */,
				8CAEA15E259BE6F100BE2333 /* Release */,
			);
			defaultConfigurationIsVisible = 0;
			defaultConfigurationName = Release;
		};
		8CAEA15F259BE6F100BE2333 /* Build configuration list for PBXNativeTarget "Prework" */ = {
			isa = XCConfigurationList;
			buildConfigurations = (
				8CAEA160259BE6F100BE2333 /* Debug */,
				8CAEA161259BE6F100BE2333 /* Release */,
			);
			defaultConfigurationIsVisible = 0;
			defaultConfigurationName = Release;
		};
		8CAEA162259BE6F100BE2333 /* Build configuration list for PBXNativeTarget "PreworkTests" */ = {
			isa = XCConfigurationList;
			buildConfigurations = (
				8CAEA163259BE6F100BE2333 /* Debug */,
				8CAEA164259BE6F100BE2333 /* Release */,
			);
			defaultConfigurationIsVisible = 0;
			defaultConfigurationName = Release;
		};
		8CAEA165259BE6F100BE2333 /* Build configuration list for PBXNativeTarget "PreworkUITests" */ = {
			isa = XCConfigurationList;
			buildConfigurations = (
				8CAEA166259BE6F100BE2333 /* Debug */,
				8CAEA167259BE6F100BE2333 /* Release */,
			);
			defaultConfigurationIsVisible = 0;
			defaultConfigurationName = Release;
		};
/* End XCConfigurationList section */
	};
	rootObject = 8CAEA12D259BE6F000BE2333 /* Project object */;
}
